
Microsoft Visual Studio Solution File, Format Version 12.00
# Visual Studio Version 17
VisualStudioVersion = 17.9.34622.214
MinimumVisualStudioVersion = 10.0.40219.1
Project("{FAE04EC0-301F-11D3-BF4B-00C04F79EFBC}") = "ConsoleApp1", "ConsoleApp1\ConsoleApp1.csproj", "{73E0A349-E48F-4A98-9728-71332E78A76F}"
EndProject
Global
	GlobalSection(SolutionConfigurationPlatforms) = preSolution
		Debug|Any CPU = Debug|Any CPU
		Release|Any CPU = Release|Any CPU
	EndGlobalSection
	GlobalSection(ProjectConfigurationPlatforms) = postSolution
		{73E0A349-E48F-4A98-9728-71332E78A76F}.Debug|Any CPU.ActiveCfg = Debug|Any CPU
		{73E0A349-E48F-4A98-9728-71332E78A76F}.Debug|Any CPU.Build.0 = Debug|Any CPU
		{73E0A349-E48F-4A98-9728-71332E78A76F}.Release|Any CPU.ActiveCfg = Release|Any CPU
		{73E0A349-E48F-4A98-9728-71332E78A76F}.Release|Any CPU.Build.0 = Release|Any CPU
	EndGlobalSection
	GlobalSection(SolutionProperties) = preSolution
		HideSolutionNode = FALSE
	EndGlobalSection
	GlobalSection(ExtensibilityGlobals) = postSolution
		SolutionGuid = {5F0ED764-9465-4D5B-88F2-29C6007FF04F}
	EndGlobalSection
EndGlobal
